{
	"name": "@rapid-build-ui/rb-button",
	"version": "0.1.0",
	"lockfileVersion": 1,
	"requires": true,
	"dependencies": {
		"@polymer/polymer": {
			"version": "3.0.0-pre.1",
			"resolved": "https://registry.npmjs.org/@polymer/polymer/-/polymer-3.0.0-pre.1.tgz",
			"integrity": "sha512-yfVY9yl3hmnbU+RtcOobmmiPCkqIqpjMdo3+KoJ6gpFTUFFClKBqSAe7qussIGoyEUNdacXHF6OUj0Y2bTIDew==",
			"requires": {
				"@webcomponents/shadycss": "1.0.6",
				"@webcomponents/webcomponentsjs": "1.0.14"
			}
		},
		"@webcomponents/shadycss": {
			"version": "1.0.6",
			"resolved": "https://registry.npmjs.org/@webcomponents/shadycss/-/shadycss-1.0.6.tgz",
			"integrity": "sha512-4yGifxIQkDzf3SRQIRE4e4cI09yawgZ6GHsnrkSLdohesKo4oMgxc5sF0wv2DQN7o7mCAjBYnunQXcHmC62qhw=="
		},
		"@webcomponents/webcomponentsjs": {
			"version": "1.0.14",
			"resolved": "https://registry.npmjs.org/@webcomponents/webcomponentsjs/-/webcomponentsjs-1.0.14.tgz",
			"integrity": "sha512-YtxQ9S318BmLLkc8I4hmugg+P1HXgLrPoTCwNJkEH4nt+qxEkp7lv7xi/ljEnSxprxAYQrQt4kHJajs8G7069A=="
		}
	}
}
